PODS:
  - MMKV (1.2.16):
    - MMKVCore (~> 1.2.16)
  - MMKVCore (1.2.16)

DEPENDENCIES:
  - MMKV (~> 1.2.16)

SPEC REPOS:
  trunk:
    - MMKV
    - MMKVCore

SPEC CHECKSUMS:
  MMKV: 784471ce430a2e2d16afef9053d63fab1b357d9e
  MMKVCore: 9cfef4c48c6c46f66226fc2e4634d78490206a48

PODFILE CHECKSUM: eda8a469ce47498d006978d32738eb116b7c1a7b

COCOAPODS: 1.12.1
